
Microsoft Visual Studio Solution File, Format Version 12.00
# Visual Studio Version 16
VisualStudioVersion = 16.0.31727.386
MinimumVisualStudioVersion = 10.0.40219.1
Project("{9A19103F-16F7-4668-BE54-9A1E7A4F7556}") = "MarsRover.ConsoleApp", "MarsRover\MarsRover.ConsoleApp.csproj", "{4FDD98C4-19CA-419F-AF41-94D9AE1BC2E4}"
EndProject
Project("{9A19103F-16F7-4668-BE54-9A1E7A4F7556}") = "MarsRover.Application", "MarsRover.Application\MarsRover.Application.csproj", "{03C5058F-B6F6-4E78-BD16-C15E21C75F83}"
EndProject
Project("{9A19103F-16F7-4668-BE54-9A1E7A4F7556}") = "MarsRover.ApplicationContract", "MarsRover.ApplicationContract\MarsRover.ApplicationContract.csproj", "{1A302F30-4336-4432-A7D5-662D1B67A5E8}"
EndProject
Project("{9A19103F-16F7-4668-BE54-9A1E7A4F7556}") = "MarsRover.Shared", "MarsRover.Shared\MarsRover.Shared.csproj", "{B2181C87-D75A-4A50-A402-8A39C90CB453}"
EndProject
Project("{9A19103F-16F7-4668-BE54-9A1E7A4F7556}") = "MarsRover.Test", "MarsRover.Test\MarsRover.Test.csproj", "{34DE02C3-09F8-4266-8DDD-66DA73EFF7E7}"
EndProject
Global
	GlobalSection(SolutionConfigurationPlatforms) = preSolution
		Debug|Any CPU = Debug|Any CPU
		Release|Any CPU = Release|Any CPU
	EndGlobalSection
	GlobalSection(ProjectConfigurationPlatforms) = postSolution
		{4FDD98C4-19CA-419F-AF41-94D9AE1BC2E4}.Debug|Any CPU.ActiveCfg = Debug|Any CPU
		{4FDD98C4-19CA-419F-AF41-94D9AE1BC2E4}.Debug|Any CPU.Build.0 = Debug|Any CPU
		{4FDD98C4-19CA-419F-AF41-94D9AE1BC2E4}.Release|Any CPU.ActiveCfg = Release|Any CPU
		{4FDD98C4-19CA-419F-AF41-94D9AE1BC2E4}.Release|Any CPU.Build.0 = Release|Any CPU
		{03C5058F-B6F6-4E78-BD16-C15E21C75F83}.Debug|Any CPU.ActiveCfg = Debug|Any CPU
		{03C5058F-B6F6-4E78-BD16-C15E21C75F83}.Debug|Any CPU.Build.0 = Debug|Any CPU
		{03C5058F-B6F6-4E78-BD16-C15E21C75F83}.Release|Any CPU.ActiveCfg = Release|Any CPU
		{03C5058F-B6F6-4E78-BD16-C15E21C75F83}.Release|Any CPU.Build.0 = Release|Any CPU
		{1A302F30-4336-4432-A7D5-662D1B67A5E8}.Debug|Any CPU.ActiveCfg = Debug|Any CPU
		{1A302F30-4336-4432-A7D5-662D1B67A5E8}.Debug|Any CPU.Build.0 = Debug|Any CPU
		{1A302F30-4336-4432-A7D5-662D1B67A5E8}.Release|Any CPU.ActiveCfg = Release|Any CPU
		{1A302F30-4336-4432-A7D5-662D1B67A5E8}.Release|Any CPU.Build.0 = Release|Any CPU
		{B2181C87-D75A-4A50-A402-8A39C90CB453}.Debug|Any CPU.ActiveCfg = Debug|Any CPU
		{B2181C87-D75A-4A50-A402-8A39C90CB453}.Debug|Any CPU.Build.0 = Debug|Any CPU
		{B2181C87-D75A-4A50-A402-8A39C90CB453}.Release|Any CPU.ActiveCfg = Release|Any CPU
		{B2181C87-D75A-4A50-A402-8A39C90CB453}.Release|Any CPU.Build.0 = Release|Any CPU
		{34DE02C3-09F8-4266-8DDD-66DA73EFF7E7}.Debug|Any CPU.ActiveCfg = Debug|Any CPU
		{34DE02C3-09F8-4266-8DDD-66DA73EFF7E7}.Debug|Any CPU.Build.0 = Debug|Any CPU
		{34DE02C3-09F8-4266-8DDD-66DA73EFF7E7}.Release|Any CPU.ActiveCfg = Release|Any CPU
		{34DE02C3-09F8-4266-8DDD-66DA73EFF7E7}.Release|Any CPU.Build.0 = Release|Any CPU
	EndGlobalSection
	GlobalSection(SolutionProperties) = preSolution
		HideSolutionNode = FALSE
	EndGlobalSection
	GlobalSection(ExtensibilityGlobals) = postSolution
		SolutionGuid = {B55FDF90-5F72-4313-96ED-458089A2744C}
	EndGlobalSection
EndGlobal
